2863ec3118729518d8f08f2c1a8d54bb2997fd3c39ef5bd6eb56e60f982faa8a  001_initial.sql
b945548ca95e2f35790f038293c4a21c6b0612648bad4b75b4b2083fea19e8ca  002_reunion_slug.sql
4c779c548cf86e9d18405e913f7b3629ac4ca1e8dfe11cc15a3ed2081c54666c  003_avail_poll_window.sql
901a06fdda32eb566ba40b4048754b81baac1c246a26f3bf12b75043f4a9d51f  004_expense_confirmations.sql
9619dc9e53e8a30de1e77b06d5259a3278783dfdb02a38adf6b6edb186d59986  005_remove_travel_block_type.sql
28d35bc0e0a7c54a3f25c11a7bd0b0c05c5d09f34d9f0f2a9f5a7a54e6aeb12b  006_activity_rsvps.sql
a9ccdf9466aa3dfaf1804b01b58220619978268a0a22b11908d5981ec4547802  007_reunion_family_units.sql
54ddd39d5f61f57936f4108b561ea4c4d7bd0b00d57438a2413ba56d59ba9356  008_survey_multi_response.sql
9aadc35c9a48ad8737f0f754b0ec3dab43364a1fa9dfb072a5c369bcf83d6dfa  009_reunion_admins.sql
eea5d299232ecc87b62da99b58cd1582f34637806deb9d10309c95757ded44ed  010_simplify_phases.sql
3058694bdbdc0cfe1bfda9f240132643613c4bf9cffba89afbf650f7f80a9334  011_prep_completed_and_location_tz.sql
1b1074662630df5e06b7ca9477c6a83aca3a350907c0c2165f8e070bb0cd6e27  012_remove_schedule_phase.sql
7da930585012e3e9a5472fa4cd6c5cb5d3bffa3b36ecf83eca47863339a94e36  013_default_activity_duration.sql
1a761c9e93c915721006bd43fb7e747a91e2f5ec96bb7bc451a2739a904d7afe  014_registration_setting.sql
75f0c73012778b4a4015548ae0ff74a1fcbbc8eacb9e2146ac1115e5a903edbb  015_login_attempts.sql
12f6d289c839529b5e55e295578dbc2868ab9df0829b21bc739fc6134ef4046d  016_activity_category.sql
cd11f38e1f17daacc9c72a3bdccd5547e14516cd1bd626ecc8d3ae63415d2c16  017_reunion_invites.sql
f367ca53baba5108ba082355a936f1c6932dac29faf2b3218a8f30055c8e914d  018_activity_rsvp_roles.sql
be82ebf62b98c75f67705787679f161117bac27c4fd60a76b30ce1428a41684c  019_location_address.sql
931734f420dfffd4f3c2e7065b761ebbb84b97f30615dbf485d6086d2c1cb886  020_expense_splits_by_family_unit.sql
10c47beb872842cbabf1ba95be11a67c8b4ad9b52760d71d107d70de02e1a42d  021_secondary_indexes.sql
151e4fac1910d56c71f9497393e359d299968f6cde644ee6ebf8e234b03a943a  022_schedule_block_tombstones.sql
00d4ff20262958efea933b46e5a9e34f83023b8836bda024dd7841bff80b7aae  023_rules_pane.sql
